
Microsoft Visual Studio Solution File, Format Version 12.00
# Visual Studio Version 17
VisualStudioVersion = 17.3.32819.101
MinimumVisualStudioVersion = 10.0.40219.1
Project("{FAE04EC0-301F-11D3-BF4B-00C04F79EFBC}") = "Pitchfork", "Pitchfork\Pitchfork.csproj", "{E966ED9D-D262-46FB-812A-45B5FD3EBC9E}"
EndProject
Project("{FAE04EC0-301F-11D3-BF4B-00C04F79EFBC}") = "DAL", "DAL\DAL.csproj", "{751EA6FC-9801-45A3-8538-C68760752C11}"
EndProject
Global
	GlobalSection(SolutionConfigurationPlatforms) = preSolution
		Debug|Any CPU = Debug|Any CPU
		Release|Any CPU = Release|Any CPU
	EndGlobalSection
	GlobalSection(ProjectConfigurationPlatforms) = postSolution
		{E966ED9D-D262-46FB-812A-45B5FD3EBC9E}.Debug|Any CPU.ActiveCfg = Debug|Any CPU
		{E966ED9D-D262-46FB-812A-45B5FD3EBC9E}.Debug|Any CPU.Build.0 = Debug|Any CPU
		{E966ED9D-D262-46FB-812A-45B5FD3EBC9E}.Release|Any CPU.ActiveCfg = Release|Any CPU
		{E966ED9D-D262-46FB-812A-45B5FD3EBC9E}.Release|Any CPU.Build.0 = Release|Any CPU
		{751EA6FC-9801-45A3-8538-C68760752C11}.Debug|Any CPU.ActiveCfg = Debug|Any CPU
		{751EA6FC-9801-45A3-8538-C68760752C11}.Debug|Any CPU.Build.0 = Debug|Any CPU
		{751EA6FC-9801-45A3-8538-C68760752C11}.Release|Any CPU.ActiveCfg = Release|Any CPU
		{751EA6FC-9801-45A3-8538-C68760752C11}.Release|Any CPU.Build.0 = Release|Any CPU
	EndGlobalSection
	GlobalSection(SolutionProperties) = preSolution
		HideSolutionNode = FALSE
	EndGlobalSection
	GlobalSection(ExtensibilityGlobals) = postSolution
		SolutionGuid = {856903FA-9E84-4946-AAE9-BCA825D46612}
	EndGlobalSection
EndGlobal
